version = 1
revision = 3
requires-python = ">=3.13"

[[package]]
name = "beautifulsoup4"
version = "4.14.2"
source = { registry = "https://pypi.org/simple" }
dependencies = [
    { name = "soupsieve" },
    { name = "typing-extensions" },
]
sdist = { url = "https://files.pythonhosted.org/packages/77/e9/df2358efd7659577435e2177bfa69cba6c33216681af51a707193dec162a/beautifulsoup4-4.14.2.tar.gz", hash = "sha256:2a98ab9f944a11acee9cc848508ec28d9228abfd522ef0fad6a02a72e0ded69e", size = 625822, upload-time = "2025-09-29T10:05:42.613Z" }
wheels = [
    { url = "https://files.pythonhosted.org/packages/94/fe/3aed5d0be4d404d12d36ab97e2f1791424d9ca39c2f754a6285d59a3b01d/beautifulsoup4-4.14.2-py3-none-any.whl", hash = "sha256:5ef6fa3a8cbece8488d66985560f97ed091e22bbc4e9c2338508a9d5de6d4515", size = 106392, upload-time = "2025-09-29T10:05:43.771Z" },
]

[[package]]
name = "certifi"
version = "2025.11.12"
source = { registry = "https://pypi.org/simple" }
sdist = { url = "https://files.pythonhosted.org/packages/a2/8c/58f469717fa48465e4a50c014a0400602d3c437d7c0c468e17ada824da3a/certifi-2025.11.12.tar.gz", hash = "sha256:d8ab5478f2ecd78af242878415affce761ca6bc54a22a27e026d7c25357c3316", size = 160538, upload-time = "2025-11-12T02:54:51.517Z" }
wheels = [
    { url = "https://files.pythonhosted.org/packages/70/7d/9bc192684cea499815ff478dfcdc13835ddf401365057044fb721ec6bddb/certifi-2025.11.12-py3-none-any.whl", hash = "sha256:97de8790030bbd5c2d96b7ec782fc2f7820ef8dba6db909ccf95449f2d062d4b", size = 159438, upload-time = "2025-11-12T02:54:49.735Z" },
]

[[package]]
name = "pycurl"
version = "7.45.7"
source = { registry = "https://pypi.org/simple" }
sdist = { url = "https://files.pythonhosted.org/packages/e3/3d/01255f1cde24401f54bb3727d0e5d3396b67fc04964f287d5d473155f176/pycurl-7.45.7.tar.gz", hash = "sha256:9d43013002eab2fd6d0dcc671cd1e9149e2fc1c56d5e796fad94d076d6cb69ef", size = 241098, upload-time = "2025-09-24T13:37:17.067Z" }
wheels = [
    { url = "https://files.pythonhosted.org/packages/1a/0c/b6442a204c13d68e339d18c7f16a30b0178ad1efed644fe411f8a404934c/pycurl-7.45.7-cp313-cp313-macosx_10_13_x86_64.whl", hash = "sha256:8d39cc233c7c3303072758b088ad7ccde0a5dcb30ce752f2f8a31428a07faac1", size = 3795397, upload-time = "2025-09-24T13:36:29.362Z" },
    { url = "https://files.pythonhosted.org/packages/e5/23/dae7f5bf59f31908fd10797e03e9af6ad70ee0fe8a71783bcced68ca7db4/pycurl-7.45.7-cp313-cp313-macosx_11_0_arm64.whl", hash = "sha256:824a785d01500da47fe6935dbadc4b0a14577405c25d01327a94717578dd2b1d", size = 3903225, upload-time = "2025-09-24T13:36:31.393Z" },
    { url = "https://files.pythonhosted.org/packages/33/93/016d37e76b172d508706828319389a08be4cb669daab8cdac6947b699f80/pycurl-7.45.7-cp313-cp313-manylinux_2_28_aarch64.whl", hash = "sha256:998335e6b69691c097e3a74214901c71773e0a7a8d3d0cc87c60d6969eb8b584", size = 5189262, upload-time = "2025-09-24T13:36:33.752Z" },
    { url = "https://files.pythonhosted.org/packages/24/e3/039ed3b136fb008354047881a3f36e5647d67d97d7b7620123fa8b9c515f/pycurl-7.45.7-cp313-cp313-manylinux_2_28_x86_64.whl", hash = "sha256:00824c3c64d5e935d0325e6a000bb0242622cd763d1e202c1a8df455bc58da58", size = 4895224, upload-time = "2025-09-24T13:36:35.449Z" },
    { url = "https://files.pythonhosted.org/packages/9a/52/f2326e0ddb2c6ab74a46c90aff0aac565cc4f804f03ac6a454cf7c75cb37/pycurl-7.45.7-cp313-cp313-win32.whl", hash = "sha256:bfe49668ba0a7fba183cf0e189bb8da515793da8f383d8d157ac8647143dc516", size = 2736217, upload-time = "2025-09-24T13:36:37.152Z" },
    { url = "https://files.pythonhosted.org/packages/96/d5/d7214c92b97fe8541efcdf42a35e5b0852e6c57340f9266e4f4acccfa492/pycurl-7.45.7-cp313-cp313-win_amd64.whl", hash = "sha256:3d9d718c366983bc65b149f0947f016929b4001f604f2523e6de5a49907f4474", size = 3296259, upload-time = "2025-09-24T13:36:38.886Z" },
    { url = "https://files.pythonhosted.org/packages/85/bb/18c4e53ef9a8d52451336aae1e44768dfb639ba46dd02f331c5dc9220bc3/pycurl-7.45.7-cp314-cp314-macosx_10_13_x86_64.whl", hash = "sha256:6157ac0daf30ffc28446c54ebbd073c8c11b45cba9c45256619e218a07a31312", size = 3794861, upload-time = "2025-09-24T13:36:40.509Z" },
    { url = "https://files.pythonhosted.org/packages/ce/23/ea963df437b8b0fd4e2ff5909dbfd800364231a95588de2b6446ffbdd1c8/pycurl-7.45.7-cp314-cp314-macosx_11_0_arm64.whl", hash = "sha256:09ac9a855273a77f7c6a72f05be430646c47a298d403a75876c2188ea5d77534", size = 3903002, upload-time = "2025-09-24T13:36:42.765Z" },
    { url = "https://files.pythonhosted.org/packages/4c/33/6432144d3961ff862c1ac933f4851828f8947d615aa46b50b91162224af9/pycurl-7.45.7-cp314-cp314-manylinux_2_28_aarch64.whl", hash = "sha256:0263e94d2ea3cd25b5fcf96527f521dc29b8a73a9b19e71223b6e2452f5cb35a", size = 5186571, upload-time = "2025-09-24T13:36:44.584Z" },
    { url = "https://files.pythonhosted.org/packages/44/91/635beb1e8c5a8b2a031fb09bd64e5c2abd332cebb9211739539ab385e731/pycurl-7.45.7-cp314-cp314-manylinux_2_28_x86_64.whl", hash = "sha256:54cffa56a5ead14915f1f0d3e8fabf6fcea3056a8e5f971fc1caebb9715bd9b1", size = 4891741, upload-time = "2025-09-24T13:36:46.7Z" },
    { url = "https://files.pythonhosted.org/packages/77/bd/51ffbf6c4a3c5bcdad2f3175c5b5980fff4dd668e2556593530030430fcf/pycurl-7.45.7-cp314-cp314-win32.whl", hash = "sha256:09e426cf5e61e5b37c30903734204f75023baa6e4bfe574e037f12e53ec3f0ba", size = 2817391, upload-time = "2025-09-24T13:36:48.766Z" },
    { url = "https://files.pythonhosted.org/packages/f1/68/c7c7f4b2372568eff3a12046364fdd74e382778563ee26727a1b016702bc/pycurl-7.45.7-cp314-cp314-win_amd64.whl", hash = "sha256:8eab3a83670d83966c7a0df4fa02cf2272499966066bfaa810444c427cb653b0", size = 3403530, upload-time = "2025-09-24T13:36:50.825Z" },
    { url = "https://files.pythonhosted.org/packages/e1/66/b65ae067433f37fd4c2b89aec9b0ab31b35cd3846e77854e7ec47bfb9d13/pycurl-7.45.7-cp314-cp314t-macosx_10_13_x86_64.whl", hash = "sha256:69f16d6709f3305da1043ee9edb5e1715212b75011779d58c4bd8fc9ad9fc88a", size = 3798020, upload-time = "2025-09-24T13:36:53.259Z" },
    { url = "https://files.pythonhosted.org/packages/5d/31/af6edb607b7d359b54df63ee561650fe7f94347f86e7c600e0042af595cc/pycurl-7.45.7-cp314-cp314t-macosx_11_0_arm64.whl", hash = "sha256:435f140afa59eb0cece57e6364348977af768add452d49a8547a26fc90dc2bfa", size = 3905273, upload-time = "2025-09-24T13:36:55.386Z" },
    { url = "https://files.pythonhosted.org/packages/79/35/4825905afb55037db15d2d2c9a45253ca8951559ef5f62afd277c98d1ec2/pycurl-7.45.7-cp314-cp314t-manylinux_2_28_aarch64.whl", hash = "sha256:ff50a3d787c3d059f330d7cb7325b40416bcb0f43f5006b396a6e61871df0ebf", size = 5247322, upload-time = "2025-09-24T13:36:57.568Z" },
    { url = "https://files.pythonhosted.org/packages/28/fc/716a3e9d335aa12f09471842e49e3db9eb792a06ddc6203a6fb1b90b7f7a/pycurl-7.45.7-cp314-cp314t-manylinux_2_28_x86_64.whl", hash = "sha256:5ed0cab4e05558ba112111585ae2a85627ab48d6185547fc4ba8ec8e2cfecd0d", size = 4947252, upload-time = "2025-09-24T13:36:59.26Z" },
    { url = "https://files.pythonhosted.org/packages/43/05/b8274ad3740b76f029031921b1831f9a7f9fdc419333c85488b25dcde87a/pycurl-7.45.7-cp314-cp314t-win32.whl", hash = "sha256:e79f90c0af413933dedc79a1717f49076f08b32ff4a42776d6c38ba37125717e", size = 2824929, upload-time = "2025-09-24T13:37:01.665Z" },
    { url = "https://files.pythonhosted.org/packages/70/c1/3982528967a42eff566d7e94fce0c8a0cf293c398a38465f87709440f260/pycurl-7.45.7-cp314-cp314t-win_amd64.whl", hash = "sha256:bdb72c53445b1c09315940c81a14a3635dfde6710aea703976ce9617209830e7", size = 3412632, upload-time = "2025-09-24T13:37:03.852Z" },
]

[[package]]
name = "scraper"
version = "0.1.0"
source = { virtual = "." }
dependencies = [
    { name = "beautifulsoup4" },
    { name = "certifi" },
    { name = "pycurl" },
]

[package.metadata]
requires-dist = [
    { name = "beautifulsoup4", specifier = ">=4.14.2" },
    { name = "certifi", specifier = ">=2025.11.12" },
    { name = "pycurl", specifier = ">=7.45.7" },
]

[[package]]
name = "soupsieve"
version = "2.8"
source = { registry = "https://pypi.org/simple" }
sdist = { url = "https://files.pythonhosted.org/packages/6d/e6/21ccce3262dd4889aa3332e5a119a3491a95e8f60939870a3a035aabac0d/soupsieve-2.8.tar.gz", hash = "sha256:e2dd4a40a628cb5f28f6d4b0db8800b8f581b65bb380b97de22ba5ca8d72572f", size = 103472, upload-time = "2025-08-27T15:39:51.78Z" }
wheels = [
    { url = "https://files.pythonhosted.org/packages/14/a0/bb38d3b76b8cae341dad93a2dd83ab7462e6dbcdd84d43f54ee60a8dc167/soupsieve-2.8-py3-none-any.whl", hash = "sha256:0cc76456a30e20f5d7f2e14a98a4ae2ee4e5abdc7c5ea0aafe795f344bc7984c", size = 36679, upload-time = "2025-08-27T15:39:50.179Z" },
]

[[package]]
name = "typing-extensions"
version = "4.15.0"
source = { registry = "https://pypi.org/simple" }
sdist = { url = "https://files.pythonhosted.org/packages/72/94/1a15dd82efb362ac84269196e94cf00f187f7ed21c242792a923cdb1c61f/typing_extensions-4.15.0.tar.gz", hash = "sha256:0cea48d173cc12fa28ecabc3b837ea3cf6f38c6d1136f85cbaaf598984861466", size = 109391, upload-time = "2025-08-25T13:49:26.313Z" }
wheels = [
    { url = "https://files.pythonhosted.org/packages/18/67/36e9267722cc04a6b9f15c7f3441c2363321a3ea07da7ae0c0707beb2a9c/typing_extensions-4.15.0-py3-none-any.whl", hash = "sha256:f0fa19c6845758ab08074a0cfa8b7aecb71c999ca73d62883bc25cc018c4e548", size = 44614, upload-time = "2025-08-25T13:49:24.86Z" },
]
